
Microsoft Visual Studio Solution File, Format Version 12.00
# Visual Studio Version 16
VisualStudioVersion = 16.0.30011.22
MinimumVisualStudioVersion = 10.0.40219.1
Project("{2150E333-8FDC-42A3-9474-1A3956D46DE8}") = "01- Presentation", "01- Presentation", "{CAD26EF4-8F48-4102-AAA5-1B22D5E1360F}"
EndProject
Project("{2150E333-8FDC-42A3-9474-1A3956D46DE8}") = "02- Service", "02- Service", "{ACDB39C6-FED3-4C73-B299-76B84914457F}"
EndProject
Project("{2150E333-8FDC-42A3-9474-1A3956D46DE8}") = "03- Domain", "03- Domain", "{DCBD46F6-753F-4F5F-A896-CC5E7377DDDB}"
EndProject
Project("{2150E333-8FDC-42A3-9474-1A3956D46DE8}") = "04- Infrastructure", "04- Infrastructure", "{43F026AF-8BD3-4589-B0DC-44ABB36C0FFC}"
EndProject
Project("{2150E333-8FDC-42A3-9474-1A3956D46DE8}") = "05- Application", "05- Application", "{CFB56D86-AE7C-4EB1-BFA0-0666563148C9}"
EndProject
Project("{2150E333-8FDC-42A3-9474-1A3956D46DE8}") = "Web", "Web", "{A142732C-2C1D-418A-B1DD-2BEBC8D07450}"
EndProject
Project("{2150E333-8FDC-42A3-9474-1A3956D46DE8}") = "Mobile", "Mobile", "{548ABA88-47A4-4D2C-8652-A46E421C6095}"
EndProject
Project("{2150E333-8FDC-42A3-9474-1A3956D46DE8}") = "Desktop", "Desktop", "{259E0FDE-0A9E-4404-9799-1DE475DACB21}"
EndProject
Project("{FAE04EC0-301F-11D3-BF4B-00C04F79EFBC}") = "SP.Web.Api", "SP.Web.Api\SP.Web.Api.csproj", "{4C58A273-8E6D-4AD9-9216-E9364B59EF3F}"
EndProject
Project("{2150E333-8FDC-42A3-9474-1A3956D46DE8}") = "06- Tests", "06- Tests", "{617DEBA2-2DEF-4635-B59C-D9168E524E94}"
EndProject
Project("{FAE04EC0-301F-11D3-BF4B-00C04F79EFBC}") = "SP.Service", "SP.Service\SP.Service.csproj", "{E60BC71C-A1E1-4950-B96C-E1B870538D5D}"
EndProject
Project("{FAE04EC0-301F-11D3-BF4B-00C04F79EFBC}") = "SP.Domain", "SP.Domain\SP.Domain.csproj", "{08C12E9A-9D07-43AC-8F0D-4AC5B85765F1}"
EndProject
Project("{FAE04EC0-301F-11D3-BF4B-00C04F79EFBC}") = "SP.Infrastructure", "SP.Infrastructure\SP.Infrastructure.csproj", "{7487C931-D2AD-429E-8609-D30EC7ABCD65}"
EndProject
Project("{FAE04EC0-301F-11D3-BF4B-00C04F79EFBC}") = "SP.Application", "SP.Application\SP.Application.csproj", "{B265683E-EBA1-4CB1-8928-AAC86B2222BB}"
EndProject
Project("{FAE04EC0-301F-11D3-BF4B-00C04F79EFBC}") = "SP.Tests", "SP.Tests\SP.Tests.csproj", "{5BEB30C5-F498-48C2-A592-E32B4502290E}"
EndProject
Global
	GlobalSection(SolutionConfigurationPlatforms) = preSolution
		Debug|Any CPU = Debug|Any CPU
		Release|Any CPU = Release|Any CPU
	EndGlobalSection
	GlobalSection(ProjectConfigurationPlatforms) = postSolution
		{4C58A273-8E6D-4AD9-9216-E9364B59EF3F}.Debug|Any CPU.ActiveCfg = Debug|Any CPU
		{4C58A273-8E6D-4AD9-9216-E9364B59EF3F}.Debug|Any CPU.Build.0 = Debug|Any CPU
		{4C58A273-8E6D-4AD9-9216-E9364B59EF3F}.Release|Any CPU.ActiveCfg = Release|Any CPU
		{4C58A273-8E6D-4AD9-9216-E9364B59EF3F}.Release|Any CPU.Build.0 = Release|Any CPU
		{E60BC71C-A1E1-4950-B96C-E1B870538D5D}.Debug|Any CPU.ActiveCfg = Debug|Any CPU
		{E60BC71C-A1E1-4950-B96C-E1B870538D5D}.Debug|Any CPU.Build.0 = Debug|Any CPU
		{E60BC71C-A1E1-4950-B96C-E1B870538D5D}.Release|Any CPU.ActiveCfg = Release|Any CPU
		{E60BC71C-A1E1-4950-B96C-E1B870538D5D}.Release|Any CPU.Build.0 = Release|Any CPU
		{08C12E9A-9D07-43AC-8F0D-4AC5B85765F1}.Debug|Any CPU.ActiveCfg = Debug|Any CPU
		{08C12E9A-9D07-43AC-8F0D-4AC5B85765F1}.Debug|Any CPU.Build.0 = Debug|Any CPU
		{08C12E9A-9D07-43AC-8F0D-4AC5B85765F1}.Release|Any CPU.ActiveCfg = Release|Any CPU
		{08C12E9A-9D07-43AC-8F0D-4AC5B85765F1}.Release|Any CPU.Build.0 = Release|Any CPU
		{7487C931-D2AD-429E-8609-D30EC7ABCD65}.Debug|Any CPU.ActiveCfg = Debug|Any CPU
		{7487C931-D2AD-429E-8609-D30EC7ABCD65}.Debug|Any CPU.Build.0 = Debug|Any CPU
		{7487C931-D2AD-429E-8609-D30EC7ABCD65}.Release|Any CPU.ActiveCfg = Release|Any CPU
		{7487C931-D2AD-429E-8609-D30EC7ABCD65}.Release|Any CPU.Build.0 = Release|Any CPU
		{B265683E-EBA1-4CB1-8928-AAC86B2222BB}.Debug|Any CPU.ActiveCfg = Debug|Any CPU
		{B265683E-EBA1-4CB1-8928-AAC86B2222BB}.Debug|Any CPU.Build.0 = Debug|Any CPU
		{B265683E-EBA1-4CB1-8928-AAC86B2222BB}.Release|Any CPU.ActiveCfg = Release|Any CPU
		{B265683E-EBA1-4CB1-8928-AAC86B2222BB}.Release|Any CPU.Build.0 = Release|Any CPU
		{5BEB30C5-F498-48C2-A592-E32B4502290E}.Debug|Any CPU.ActiveCfg = Debug|Any CPU
		{5BEB30C5-F498-48C2-A592-E32B4502290E}.Debug|Any CPU.Build.0 = Debug|Any CPU
		{5BEB30C5-F498-48C2-A592-E32B4502290E}.Release|Any CPU.ActiveCfg = Release|Any CPU
		{5BEB30C5-F498-48C2-A592-E32B4502290E}.Release|Any CPU.Build.0 = Release|Any CPU
	EndGlobalSection
	GlobalSection(SolutionProperties) = preSolution
		HideSolutionNode = FALSE
	EndGlobalSection
	GlobalSection(NestedProjects) = preSolution
		{A142732C-2C1D-418A-B1DD-2BEBC8D07450} = {CAD26EF4-8F48-4102-AAA5-1B22D5E1360F}
		{548ABA88-47A4-4D2C-8652-A46E421C6095} = {CAD26EF4-8F48-4102-AAA5-1B22D5E1360F}
		{259E0FDE-0A9E-4404-9799-1DE475DACB21} = {CAD26EF4-8F48-4102-AAA5-1B22D5E1360F}
		{4C58A273-8E6D-4AD9-9216-E9364B59EF3F} = {CAD26EF4-8F48-4102-AAA5-1B22D5E1360F}
		{E60BC71C-A1E1-4950-B96C-E1B870538D5D} = {ACDB39C6-FED3-4C73-B299-76B84914457F}
		{08C12E9A-9D07-43AC-8F0D-4AC5B85765F1} = {DCBD46F6-753F-4F5F-A896-CC5E7377DDDB}
		{7487C931-D2AD-429E-8609-D30EC7ABCD65} = {43F026AF-8BD3-4589-B0DC-44ABB36C0FFC}
		{B265683E-EBA1-4CB1-8928-AAC86B2222BB} = {CFB56D86-AE7C-4EB1-BFA0-0666563148C9}
		{5BEB30C5-F498-48C2-A592-E32B4502290E} = {617DEBA2-2DEF-4635-B59C-D9168E524E94}
	EndGlobalSection
	GlobalSection(ExtensibilityGlobals) = postSolution
		SolutionGuid = {CDA183AA-2F88-4ABD-A5F1-60C301F8B5BB}
	EndGlobalSection
EndGlobal
