
Microsoft Visual Studio Solution File, Format Version 12.00
# Visual Studio Version 16
VisualStudioVersion = 16.0.30011.22
MinimumVisualStudioVersion = 10.0.40219.1
Project("{2150E333-8FDC-42A3-9474-1A3956D46DE8}") = "01 - App", "01 - App", "{768D260D-4AB3-4DF0-8D18-0C0CF92AE4EF}"
EndProject
Project("{2150E333-8FDC-42A3-9474-1A3956D46DE8}") = "02 - Core", "02 - Core", "{6D0C7CEA-6372-46F0-9D66-8E5524233C54}"
EndProject
Project("{2150E333-8FDC-42A3-9474-1A3956D46DE8}") = "03 - Infrastructure", "03 - Infrastructure", "{C6AAC5E6-F898-48E5-BF3C-0490D68406AC}"
EndProject
Project("{2150E333-8FDC-42A3-9474-1A3956D46DE8}") = "04 - Domain", "04 - Domain", "{23CB1144-E896-46F5-B51F-A8F24DE79AC0}"
EndProject
Project("{2150E333-8FDC-42A3-9474-1A3956D46DE8}") = "05 - Tests", "05 - Tests", "{4B5FEC4C-767C-4359-9383-85C89E6396CB}"
EndProject
Project("{9A19103F-16F7-4668-BE54-9A1E7A4F7556}") = "Core.Tests", "Core.Tests\Core.Tests.csproj", "{F4867178-7B54-4EC1-B6B7-E956BAA32A70}"
EndProject
Project("{9A19103F-16F7-4668-BE54-9A1E7A4F7556}") = "Infrastructure.Tests", "Infrastructure.Tests\Infrastructure.Tests.csproj", "{661CE0D0-1A9D-4EB7-AD31-68058EC5EA85}"
EndProject
Project("{9A19103F-16F7-4668-BE54-9A1E7A4F7556}") = "Domain", "Domain\Domain.csproj", "{CCA3F348-F11D-4729-AF4A-C183DC61BF35}"
EndProject
Project("{9A19103F-16F7-4668-BE54-9A1E7A4F7556}") = "Infrastructure", "Infrastructure\Infrastructure.csproj", "{ABF18FC0-66D7-492B-800E-A47BD91E696F}"
EndProject
Project("{9A19103F-16F7-4668-BE54-9A1E7A4F7556}") = "Core", "Core\Core.csproj", "{AEC33833-2BC4-481E-B77D-B7E7F945AB1F}"
EndProject
Project("{9A19103F-16F7-4668-BE54-9A1E7A4F7556}") = "WebApp", "WebApp\WebApp.csproj", "{E7E3C771-8CEF-4A9F-9940-257F0AB6B8FC}"
EndProject
Project("{9A19103F-16F7-4668-BE54-9A1E7A4F7556}") = "WebApi", "WebApi\WebApi.csproj", "{C0377534-BE4A-42D3-BD45-388B273AEFA2}"
EndProject
Project("{2150E333-8FDC-42A3-9474-1A3956D46DE8}") = "Jobs", "Jobs", "{1DD5B6BD-6DAA-486C-90F8-AB7BD18D38E8}"
EndProject
Project("{FAE04EC0-301F-11D3-BF4B-00C04F79EFBC}") = "TemplateJob", "TemplateJob\TemplateJob.csproj", "{A8C885C9-9EB9-4F1B-BFDC-9942A1E0F807}"
EndProject
Global
	GlobalSection(SolutionConfigurationPlatforms) = preSolution
		Debug|Any CPU = Debug|Any CPU
		Release|Any CPU = Release|Any CPU
	EndGlobalSection
	GlobalSection(ProjectConfigurationPlatforms) = postSolution
		{F4867178-7B54-4EC1-B6B7-E956BAA32A70}.Debug|Any CPU.ActiveCfg = Debug|Any CPU
		{F4867178-7B54-4EC1-B6B7-E956BAA32A70}.Debug|Any CPU.Build.0 = Debug|Any CPU
		{F4867178-7B54-4EC1-B6B7-E956BAA32A70}.Release|Any CPU.ActiveCfg = Release|Any CPU
		{F4867178-7B54-4EC1-B6B7-E956BAA32A70}.Release|Any CPU.Build.0 = Release|Any CPU
		{661CE0D0-1A9D-4EB7-AD31-68058EC5EA85}.Debug|Any CPU.ActiveCfg = Debug|Any CPU
		{661CE0D0-1A9D-4EB7-AD31-68058EC5EA85}.Debug|Any CPU.Build.0 = Debug|Any CPU
		{661CE0D0-1A9D-4EB7-AD31-68058EC5EA85}.Release|Any CPU.ActiveCfg = Release|Any CPU
		{661CE0D0-1A9D-4EB7-AD31-68058EC5EA85}.Release|Any CPU.Build.0 = Release|Any CPU
		{CCA3F348-F11D-4729-AF4A-C183DC61BF35}.Debug|Any CPU.ActiveCfg = Debug|Any CPU
		{CCA3F348-F11D-4729-AF4A-C183DC61BF35}.Debug|Any CPU.Build.0 = Debug|Any CPU
		{CCA3F348-F11D-4729-AF4A-C183DC61BF35}.Release|Any CPU.ActiveCfg = Release|Any CPU
		{CCA3F348-F11D-4729-AF4A-C183DC61BF35}.Release|Any CPU.Build.0 = Release|Any CPU
		{ABF18FC0-66D7-492B-800E-A47BD91E696F}.Debug|Any CPU.ActiveCfg = Debug|Any CPU
		{ABF18FC0-66D7-492B-800E-A47BD91E696F}.Debug|Any CPU.Build.0 = Debug|Any CPU
		{ABF18FC0-66D7-492B-800E-A47BD91E696F}.Release|Any CPU.ActiveCfg = Release|Any CPU
		{ABF18FC0-66D7-492B-800E-A47BD91E696F}.Release|Any CPU.Build.0 = Release|Any CPU
		{AEC33833-2BC4-481E-B77D-B7E7F945AB1F}.Debug|Any CPU.ActiveCfg = Debug|Any CPU
		{AEC33833-2BC4-481E-B77D-B7E7F945AB1F}.Debug|Any CPU.Build.0 = Debug|Any CPU
		{AEC33833-2BC4-481E-B77D-B7E7F945AB1F}.Release|Any CPU.ActiveCfg = Release|Any CPU
		{AEC33833-2BC4-481E-B77D-B7E7F945AB1F}.Release|Any CPU.Build.0 = Release|Any CPU
		{E7E3C771-8CEF-4A9F-9940-257F0AB6B8FC}.Debug|Any CPU.ActiveCfg = Debug|Any CPU
		{E7E3C771-8CEF-4A9F-9940-257F0AB6B8FC}.Debug|Any CPU.Build.0 = Debug|Any CPU
		{E7E3C771-8CEF-4A9F-9940-257F0AB6B8FC}.Release|Any CPU.ActiveCfg = Release|Any CPU
		{E7E3C771-8CEF-4A9F-9940-257F0AB6B8FC}.Release|Any CPU.Build.0 = Release|Any CPU
		{C0377534-BE4A-42D3-BD45-388B273AEFA2}.Debug|Any CPU.ActiveCfg = Debug|Any CPU
		{C0377534-BE4A-42D3-BD45-388B273AEFA2}.Debug|Any CPU.Build.0 = Debug|Any CPU
		{C0377534-BE4A-42D3-BD45-388B273AEFA2}.Release|Any CPU.ActiveCfg = Release|Any CPU
		{C0377534-BE4A-42D3-BD45-388B273AEFA2}.Release|Any CPU.Build.0 = Release|Any CPU
		{A8C885C9-9EB9-4F1B-BFDC-9942A1E0F807}.Debug|Any CPU.ActiveCfg = Debug|Any CPU
		{A8C885C9-9EB9-4F1B-BFDC-9942A1E0F807}.Debug|Any CPU.Build.0 = Debug|Any CPU
		{A8C885C9-9EB9-4F1B-BFDC-9942A1E0F807}.Release|Any CPU.ActiveCfg = Release|Any CPU
		{A8C885C9-9EB9-4F1B-BFDC-9942A1E0F807}.Release|Any CPU.Build.0 = Release|Any CPU
	EndGlobalSection
	GlobalSection(SolutionProperties) = preSolution
		HideSolutionNode = FALSE
	EndGlobalSection
	GlobalSection(NestedProjects) = preSolution
		{F4867178-7B54-4EC1-B6B7-E956BAA32A70} = {4B5FEC4C-767C-4359-9383-85C89E6396CB}
		{661CE0D0-1A9D-4EB7-AD31-68058EC5EA85} = {4B5FEC4C-767C-4359-9383-85C89E6396CB}
		{CCA3F348-F11D-4729-AF4A-C183DC61BF35} = {23CB1144-E896-46F5-B51F-A8F24DE79AC0}
		{ABF18FC0-66D7-492B-800E-A47BD91E696F} = {C6AAC5E6-F898-48E5-BF3C-0490D68406AC}
		{AEC33833-2BC4-481E-B77D-B7E7F945AB1F} = {6D0C7CEA-6372-46F0-9D66-8E5524233C54}
		{E7E3C771-8CEF-4A9F-9940-257F0AB6B8FC} = {768D260D-4AB3-4DF0-8D18-0C0CF92AE4EF}
		{C0377534-BE4A-42D3-BD45-388B273AEFA2} = {768D260D-4AB3-4DF0-8D18-0C0CF92AE4EF}
		{1DD5B6BD-6DAA-486C-90F8-AB7BD18D38E8} = {768D260D-4AB3-4DF0-8D18-0C0CF92AE4EF}
		{A8C885C9-9EB9-4F1B-BFDC-9942A1E0F807} = {1DD5B6BD-6DAA-486C-90F8-AB7BD18D38E8}
	EndGlobalSection
	GlobalSection(ExtensibilityGlobals) = postSolution
		SolutionGuid = {CDA183AA-2F88-4ABD-A5F1-60C301F8B5BB}
	EndGlobalSection
EndGlobal
